// !$*UTF8*$!
{
	archiveVersion = 1;
	classes = {
	};
	objectVersion = 56;
	objects = {

/* Begin PBXBuildFile section */
		9D0C11E72983DA730093AA96 /* AppDelegate.swift in Sources */ = {isa = PBXBuildFile; fileRef = 9D0C11E62983DA730093AA96 /* AppDelegate.swift */; };
		9D0C11E92983DA730093AA96 /* SceneDelegate.swift in Sources */ = {isa = PBXBuildFile; fileRef = 9D0C11E82983DA730093AA96 /* SceneDelegate.swift */; };
		9D0C11EB2983DA730093AA96 /* MainViewController.swift in Sources */ = {isa = PBXBuildFile; fileRef = 9D0C11EA2983DA730093AA96 /* MainViewController.swift */; };
		9D0C11EE2983DA730093AA96 /* Main.storyboard in Resources */ = {isa = PBXBuildFile; fileRef = 9D0C11EC2983DA730093AA96 /* Main.storyboard */; };
		9D0C11F02983DA740093AA96 /* Assets.xcassets in Resources */ = {isa = PBXBuildFile; fileRef = 9D0C11EF2983DA740093AA96 /* Assets.xcassets */; };
		9D0C11F32983DA740093AA96 /* LaunchScreen.storyboard in Resources */ = {isa = PBXBuildFile; fileRef = 9D0C11F12983DA740093AA96 /* LaunchScreen.storyboard */; };
		9D0C11FE2983DA740093AA96 /* MVPTests.swift in Sources */ = {isa = PBXBuildFile; fileRef = 9D0C11FD2983DA740093AA96 /* MVPTests.swift */; };
		9D0C12082983DA740093AA96 /* MVPUITests.swift in Sources */ = {isa = PBXBuildFile; fileRef = 9D0C12072983DA740093AA96 /* MVPUITests.swift */; };
		9D0C120A2983DA740093AA96 /* MVPUITestsLaunchTests.swift in Sources */ = {isa = PBXBuildFile; fileRef = 9D0C12092983DA740093AA96 /* MVPUITestsLaunchTests.swift */; };
		9D0C12172983DA7E0093AA96 /* Comment.swift in Sources */ = {isa = PBXBuildFile; fileRef = 9D0C12162983DA7E0093AA96 /* Comment.swift */; };
		9D0C12192983DA980093AA96 /* MainPresenter.swift in Sources */ = {isa = PBXBuildFile; fileRef = 9D0C12182983DA980093AA96 /* MainPresenter.swift */; };
		9D0C12202983DFEB0093AA96 /* MainViewController.xib in Resources */ = {isa = PBXBuildFile; fileRef = 9D0C121F2983DFEB0093AA96 /* MainViewController.xib */; };
		9D0C12222983E15E0093AA96 /* ModuleBuilder.swift in Sources */ = {isa = PBXBuildFile; fileRef = 9D0C12212983E15E0093AA96 /* ModuleBuilder.swift */; };
		9D0C12242983EA770093AA96 /* MainPresenterTest.swift in Sources */ = {isa = PBXBuildFile; fileRef = 9D0C12232983EA770093AA96 /* MainPresenterTest.swift */; };
		9D0C1227298443F80093AA96 /* NetworkService.swift in Sources */ = {isa = PBXBuildFile; fileRef = 9D0C1226298443F80093AA96 /* NetworkService.swift */; };
		9D0C122A29844FEA0093AA96 /* DetailPresenter.swift in Sources */ = {isa = PBXBuildFile; fileRef = 9D0C122929844FEA0093AA96 /* DetailPresenter.swift */; };
		9DEBEBA72984519500B243A7 /* DetailViewController.swift in Sources */ = {isa = PBXBuildFile; fileRef = 9DEBEBA52984519500B243A7 /* DetailViewController.swift */; };
		9DEBEBA82984519500B243A7 /* DetailViewController.xib in Resources */ = {isa = PBXBuildFile; fileRef = 9DEBEBA62984519500B243A7 /* DetailViewController.xib */; };
/* End PBXBuildFile section */

/* Begin PBXContainerItemProxy section */
		9D0C11FA2983DA740093AA96 /* PBXContainerItemProxy */ = {
			isa = PBXContainerItemProxy;
			containerPortal = 9D0C11DB2983DA730093AA96 /* Project object */;
			proxyType = 1;
			remoteGlobalIDString = 9D0C11E22983DA730093AA96;
			remoteInfo = MVP;
		};
		9D0C12042983DA740093AA96 /* PBXContainerItemProxy */ = {
			isa = PBXContainerItemProxy;
			containerPortal = 9D0C11DB2983DA730093AA96 /* Project object */;
			proxyType = 1;
			remoteGlobalIDString = 9D0C11E22983DA730093AA96;
			remoteInfo = MVP;
		};
/* End PBXContainerItemProxy section */

/* Begin PBXFileReference section */
		9D0C11E32983DA730093AA96 /* MVP.app */ = {isa = PBXFileReference; explicitFileType = wrapper.application; includeInIndex = 0; path = MVP.app; sourceTree = BUILT_PRODUCTS_DIR; };
		9D0C11E62983DA730093AA96 /* AppDelegate.swift */ = {isa = PBXFileReference; lastKnownFileType = sourcecode.swift; path = AppDelegate.swift; sourceTree = "<group>"; };
		9D0C11E82983DA730093AA96 /* SceneDelegate.swift */ = {isa = PBXFileReference; lastKnownFileType = sourcecode.swift; path = SceneDelegate.swift; sourceTree = "<group>"; };
		9D0C11EA2983DA730093AA96 /* MainViewController.swift */ = {isa = PBXFileReference; lastKnownFileType = sourcecode.swift; path = MainViewController.swift; sourceTree = "<group>"; };
		9D0C11ED2983DA730093AA96 /* Base */ = {isa = PBXFileReference; lastKnownFileType = file.storyboard; name = Base; path = Base.lproj/Main.storyboard; sourceTree = "<group>"; };
		9D0C11EF2983DA740093AA96 /* Assets.xcassets */ = {isa = PBXFileReference; lastKnownFileType = folder.assetcatalog; path = Assets.xcassets; sourceTree = "<group>"; };
		9D0C11F22983DA740093AA96 /* Base */ = {isa = PBXFileReference; lastKnownFileType = file.storyboard; name = Base; path = Base.lproj/LaunchScreen.storyboard; sourceTree = "<group>"; };
		9D0C11F42983DA740093AA96 /* Info.plist */ = {isa = PBXFileReference; lastKnownFileType = text.plist.xml; path = Info.plist; sourceTree = "<group>"; };
		9D0C11F92983DA740093AA96 /* MVPTests.xctest */ = {isa = PBXFileReference; explicitFileType = wrapper.cfbundle; includeInIndex = 0; path = MVPTests.xctest; sourceTree = BUILT_PRODUCTS_DIR; };
		9D0C11FD2983DA740093AA96 /* MVPTests.swift */ = {isa = PBXFileReference; lastKnownFileType = sourcecode.swift; path = MVPTests.swift; sourceTree = "<group>"; };
		9D0C12032983DA740093AA96 /* MVPUITests.xctest */ = {isa = PBXFileReference; explicitFileType = wrapper.cfbundle; includeInIndex = 0; path = MVPUITests.xctest; sourceTree = BUILT_PRODUCTS_DIR; };
		9D0C12072983DA740093AA96 /* MVPUITests.swift */ = {isa = PBXFileReference; lastKnownFileType = sourcecode.swift; path = MVPUITests.swift; sourceTree = "<group>"; };
		9D0C12092983DA740093AA96 /* MVPUITestsLaunchTests.swift */ = {isa = PBXFileReference; lastKnownFileType = sourcecode.swift; path = MVPUITestsLaunchTests.swift; sourceTree = "<group>"; };
		9D0C12162983DA7E0093AA96 /* Comment.swift */ = {isa = PBXFileReference; lastKnownFileType = sourcecode.swift; path = Comment.swift; sourceTree = "<group>"; };
		9D0C12182983DA980093AA96 /* MainPresenter.swift */ = {isa = PBXFileReference; lastKnownFileType = sourcecode.swift; path = MainPresenter.swift; sourceTree = "<group>"; };
		9D0C121F2983DFEB0093AA96 /* MainViewController.xib */ = {isa = PBXFileReference; lastKnownFileType = file.xib; path = MainViewController.xib; sourceTree = "<group>"; };
		9D0C12212983E15E0093AA96 /* ModuleBuilder.swift */ = {isa = PBXFileReference; lastKnownFileType = sourcecode.swift; path = ModuleBuilder.swift; sourceTree = "<group>"; };
		9D0C12232983EA770093AA96 /* MainPresenterTest.swift */ = {isa = PBXFileReference; lastKnownFileType = sourcecode.swift; path = MainPresenterTest.swift; sourceTree = "<group>"; };
		9D0C1226298443F80093AA96 /* NetworkService.swift */ = {isa = PBXFileReference; lastKnownFileType = sourcecode.swift; path = NetworkService.swift; sourceTree = "<group>"; };
		9D0C122929844FEA0093AA96 /* DetailPresenter.swift */ = {isa = PBXFileReference; lastKnownFileType = sourcecode.swift; path = DetailPresenter.swift; sourceTree = "<group>"; };
		9DEBEBA52984519500B243A7 /* DetailViewController.swift */ = {isa = PBXFileReference; lastKnownFileType = sourcecode.swift; path = DetailViewController.swift; sourceTree = "<group>"; };
		9DEBEBA62984519500B243A7 /* DetailViewController.xib */ = {isa = PBXFileReference; lastKnownFileType = file.xib; path = DetailViewController.xib; sourceTree = "<group>"; };
/* End PBXFileReference section */

/* Begin PBXFrameworksBuildPhase section */
		9D0C11E02983DA730093AA96 /* Frameworks */ = {
			isa = PBXFrameworksBuildPhase;
			buildActionMask = 2147483647;
			files = (
			);
			runOnlyForDeploymentPostprocessing = 0;
		};
		9D0C11F62983DA740093AA96 /* Frameworks */ = {
			isa = PBXFrameworksBuildPhase;
			buildActionMask = 2147483647;
			files = (
			);
			runOnlyForDeploymentPostprocessing = 0;
		};
		9D0C12002983DA740093AA96 /* Frameworks */ = {
			isa = PBXFrameworksBuildPhase;
			buildActionMask = 2147483647;
			files = (
			);
			runOnlyForDeploymentPostprocessing = 0;
		};
/* End PBXFrameworksBuildPhase section */

/* Begin PBXGroup section */
		9D0C11DA2983DA730093AA96 = {
			isa = PBXGroup;
			children = (
				9D0C11E52983DA730093AA96 /* MVP */,
				9D0C11FC2983DA740093AA96 /* MVPTests */,
				9D0C12062983DA740093AA96 /* MVPUITests */,
				9D0C11E42983DA730093AA96 /* Products */,
			);
			sourceTree = "<group>";
		};
		9D0C11E42983DA730093AA96 /* Products */ = {
			isa = PBXGroup;
			children = (
				9D0C11E32983DA730093AA96 /* MVP.app */,
				9D0C11F92983DA740093AA96 /* MVPTests.xctest */,
				9D0C12032983DA740093AA96 /* MVPUITests.xctest */,
			);
			name = Products;
			sourceTree = "<group>";
		};
		9D0C11E52983DA730093AA96 /* MVP */ = {
			isa = PBXGroup;
			children = (
				9D0C11E62983DA730093AA96 /* AppDelegate.swift */,
				9D0C11E82983DA730093AA96 /* SceneDelegate.swift */,
				9D0C12212983E15E0093AA96 /* ModuleBuilder.swift */,
				9D0C122C298451090093AA96 /* DetailModule */,
				9D0C121B2983DF8A0093AA96 /* MainModule */,
				9D0C1228298443FF0093AA96 /* ServiceLayer */,
				9D0C11EC2983DA730093AA96 /* Main.storyboard */,
				9D0C11EF2983DA740093AA96 /* Assets.xcassets */,
				9D0C11F12983DA740093AA96 /* LaunchScreen.storyboard */,
				9D0C11F42983DA740093AA96 /* Info.plist */,
			);
			path = MVP;
			sourceTree = "<group>";
		};
		9D0C11FC2983DA740093AA96 /* MVPTests */ = {
			isa = PBXGroup;
			children = (
				9D0C11FD2983DA740093AA96 /* MVPTests.swift */,
				9D0C12252983EA7E0093AA96 /* MainModelTest */,
			);
			path = MVPTests;
			sourceTree = "<group>";
		};
		9D0C12062983DA740093AA96 /* MVPUITests */ = {
			isa = PBXGroup;
			children = (
				9D0C12072983DA740093AA96 /* MVPUITests.swift */,
				9D0C12092983DA740093AA96 /* MVPUITestsLaunchTests.swift */,
			);
			path = MVPUITests;
			sourceTree = "<group>";
		};
		9D0C121B2983DF8A0093AA96 /* MainModule */ = {
			isa = PBXGroup;
			children = (
				9D0C121C2983DF990093AA96 /* View */,
				9D0C121D2983DFA00093AA96 /* Presenter */,
				9D0C121E2983DFAD0093AA96 /* Model */,
			);
			path = MainModule;
			sourceTree = "<group>";
		};
		9D0C121C2983DF990093AA96 /* View */ = {
			isa = PBXGroup;
			children = (
				9D0C11EA2983DA730093AA96 /* MainViewController.swift */,
				9D0C121F2983DFEB0093AA96 /* MainViewController.xib */,
			);
			path = View;
			sourceTree = "<group>";
		};
		9D0C121D2983DFA00093AA96 /* Presenter */ = {
			isa = PBXGroup;
			children = (
				9D0C12182983DA980093AA96 /* MainPresenter.swift */,
			);
			path = Presenter;
			sourceTree = "<group>";
		};
		9D0C121E2983DFAD0093AA96 /* Model */ = {
			isa = PBXGroup;
			children = (
				9D0C12162983DA7E0093AA96 /* Comment.swift */,
			);
			path = Model;
			sourceTree = "<group>";
		};
		9D0C12252983EA7E0093AA96 /* MainModelTest */ = {
			isa = PBXGroup;
			children = (
				9D0C12232983EA770093AA96 /* MainPresenterTest.swift */,
			);
			path = MainModelTest;
			sourceTree = "<group>";
		};
		9D0C1228298443FF0093AA96 /* ServiceLayer */ = {
			isa = PBXGroup;
			children = (
				9D0C1226298443F80093AA96 /* NetworkService.swift */,
			);
			path = ServiceLayer;
			sourceTree = "<group>";
		};
		9D0C122B298451000093AA96 /* Presenter */ = {
			isa = PBXGroup;
			children = (
				9D0C122929844FEA0093AA96 /* DetailPresenter.swift */,
			);
			path = Presenter;
			sourceTree = "<group>";
		};
		9D0C122C298451090093AA96 /* DetailModule */ = {
			isa = PBXGroup;
			children = (
				9D0C122B298451000093AA96 /* Presenter */,
				9DEBEBA92984519A00B243A7 /* View */,
			);
			path = DetailModule;
			sourceTree = "<group>";
		};
		9DEBEBA92984519A00B243A7 /* View */ = {
			isa = PBXGroup;
			children = (
				9DEBEBA52984519500B243A7 /* DetailViewController.swift */,
				9DEBEBA62984519500B243A7 /* DetailViewController.xib */,
			);
			path = View;
			sourceTree = "<group>";
		};
/* End PBXGroup section */

/* Begin PBXNativeTarget section */
		9D0C11E22983DA730093AA96 /* MVP */ = {
			isa = PBXNativeTarget;
			buildConfigurationList = 9D0C120D2983DA740093AA96 /* Build configuration list for PBXNativeTarget "MVP" */;
			buildPhases = (
				9D0C11DF2983DA730093AA96 /* Sources */,
				9D0C11E02983DA730093AA96 /* Frameworks */,
				9D0C11E12983DA730093AA96 /* Resources */,
			);
			buildRules = (
			);
			dependencies = (
			);
			name = MVP;
			productName = MVP;
			productReference = 9D0C11E32983DA730093AA96 /* MVP.app */;
			productType = "com.apple.product-type.application";
		};
		9D0C11F82983DA740093AA96 /* MVPTests */ = {
			isa = PBXNativeTarget;
			buildConfigurationList = 9D0C12102983DA740093AA96 /* Build configuration list for PBXNativeTarget "MVPTests" */;
			buildPhases = (
				9D0C11F52983DA740093AA96 /* Sources */,
				9D0C11F62983DA740093AA96 /* Frameworks */,
				9D0C11F72983DA740093AA96 /* Resources */,
			);
			buildRules = (
			);
			dependencies = (
				9D0C11FB2983DA740093AA96 /* PBXTargetDependency */,
			);
			name = MVPTests;
			productName = MVPTests;
			productReference = 9D0C11F92983DA740093AA96 /* MVPTests.xctest */;
			productType = "com.apple.product-type.bundle.unit-test";
		};
		9D0C12022983DA740093AA96 /* MVPUITests */ = {
			isa = PBXNativeTarget;
			buildConfigurationList = 9D0C12132983DA740093AA96 /* Build configuration list for PBXNativeTarget "MVPUITests" */;
			buildPhases = (
				9D0C11FF2983DA740093AA96 /* Sources */,
				9D0C12002983DA740093AA96 /* Frameworks */,
				9D0C12012983DA740093AA96 /* Resources */,
			);
			buildRules = (
			);
			dependencies = (
				9D0C12052983DA740093AA96 /* PBXTargetDependency */,
			);
			name = MVPUITests;
			productName = MVPUITests;
			productReference = 9D0C12032983DA740093AA96 /* MVPUITests.xctest */;
			productType = "com.apple.product-type.bundle.ui-testing";
		};
/* End PBXNativeTarget section */

/* Begin PBXProject section */
		9D0C11DB2983DA730093AA96 /* Project object */ = {
			isa = PBXProject;
			attributes = {
				BuildIndependentTargetsInParallel = 1;
				LastSwiftUpdateCheck = 1420;
				LastUpgradeCheck = 1420;
				TargetAttributes = {
					9D0C11E22983DA730093AA96 = {
						CreatedOnToolsVersion = 14.2;
					};
					9D0C11F82983DA740093AA96 = {
						CreatedOnToolsVersion = 14.2;
						TestTargetID = 9D0C11E22983DA730093AA96;
					};
					9D0C12022983DA740093AA96 = {
						CreatedOnToolsVersion = 14.2;
						TestTargetID = 9D0C11E22983DA730093AA96;
					};
				};
			};
			buildConfigurationList = 9D0C11DE2983DA730093AA96 /* Build configuration list for PBXProject "MVP" */;
			compatibilityVersion = "Xcode 14.0";
			developmentRegion = en;
			hasScannedForEncodings = 0;
			knownRegions = (
				en,
				Base,
			);
			mainGroup = 9D0C11DA2983DA730093AA96;
			productRefGroup = 9D0C11E42983DA730093AA96 /* Products */;
			projectDirPath = "";
			projectRoot = "";
			targets = (
				9D0C11E22983DA730093AA96 /* MVP */,
				9D0C11F82983DA740093AA96 /* MVPTests */,
				9D0C12022983DA740093AA96 /* MVPUITests */,
			);
		};
/* End PBXProject section */

/* Begin PBXResourcesBuildPhase section */
		9D0C11E12983DA730093AA96 /* Resources */ = {
			isa = PBXResourcesBuildPhase;
			buildActionMask = 2147483647;
			files = (
				9D0C11F32983DA740093AA96 /* LaunchScreen.storyboard in Resources */,
				9D0C11F02983DA740093AA96 /* Assets.xcassets in Resources */,
				9DEBEBA82984519500B243A7 /* DetailViewController.xib in Resources */,
				9D0C11EE2983DA730093AA96 /* Main.storyboard in Resources */,
				9D0C12202983DFEB0093AA96 /* MainViewController.xib in Resources */,
			);
			runOnlyForDeploymentPostprocessing = 0;
		};
		9D0C11F72983DA740093AA96 /* Resources */ = {
			isa = PBXResourcesBuildPhase;
			buildActionMask = 2147483647;
			files = (
			);
			runOnlyForDeploymentPostprocessing = 0;
		};
		9D0C12012983DA740093AA96 /* Resources */ = {
			isa = PBXResourcesBuildPhase;
			buildActionMask = 2147483647;
			files = (
			);
			runOnlyForDeploymentPostprocessing = 0;
		};
/* End PBXResourcesBuildPhase section */

/* Begin PBXSourcesBuildPhase section */
		9D0C11DF2983DA730093AA96 /* Sources */ = {
			isa = PBXSourcesBuildPhase;
			buildActionMask = 2147483647;
			files = (
				9DEBEBA72984519500B243A7 /* DetailViewController.swift in Sources */,
				9D0C12192983DA980093AA96 /* MainPresenter.swift in Sources */,
				9D0C11EB2983DA730093AA96 /* MainViewController.swift in Sources */,
				9D0C11E72983DA730093AA96 /* AppDelegate.swift in Sources */,
				9D0C122A29844FEA0093AA96 /* DetailPresenter.swift in Sources */,
				9D0C12172983DA7E0093AA96 /* Comment.swift in Sources */,
				9D0C11E92983DA730093AA96 /* SceneDelegate.swift in Sources */,
				9D0C12222983E15E0093AA96 /* ModuleBuilder.swift in Sources */,
				9D0C1227298443F80093AA96 /* NetworkService.swift in Sources */,
			);
			runOnlyForDeploymentPostprocessing = 0;
		};
		9D0C11F52983DA740093AA96 /* Sources */ = {
			isa = PBXSourcesBuildPhase;
			buildActionMask = 2147483647;
			files = (
				9D0C11FE2983DA740093AA96 /* MVPTests.swift in Sources */,
				9D0C12242983EA770093AA96 /* MainPresenterTest.swift in Sources */,
			);
			runOnlyForDeploymentPostprocessing = 0;
		};
		9D0C11FF2983DA740093AA96 /* Sources */ = {
			isa = PBXSourcesBuildPhase;
			buildActionMask = 2147483647;
			files = (
				9D0C120A2983DA740093AA96 /* MVPUITestsLaunchTests.swift in Sources */,
				9D0C12082983DA740093AA96 /* MVPUITests.swift in Sources */,
			);
			runOnlyForDeploymentPostprocessing = 0;
		};
/* End PBXSourcesBuildPhase section */

/* Begin PBXTargetDependency section */
		9D0C11FB2983DA740093AA96 /* PBXTargetDependency */ = {
			isa = PBXTargetDependency;
			target = 9D0C11E22983DA730093AA96 /* MVP */;
			targetProxy = 9D0C11FA2983DA740093AA96 /* PBXContainerItemProxy */;
		};
		9D0C12052983DA740093AA96 /* PBXTargetDependency */ = {
			isa = PBXTargetDependency;
			target = 9D0C11E22983DA730093AA96 /* MVP */;
			targetProxy = 9D0C12042983DA740093AA96 /* PBXContainerItemProxy */;
		};
/* End PBXTargetDependency section */

/* Begin PBXVariantGroup section */
		9D0C11EC2983DA730093AA96 /* Main.storyboard */ = {
			isa = PBXVariantGroup;
			children = (
				9D0C11ED2983DA730093AA96 /* Base */,
			);
			name = Main.storyboard;
			sourceTree = "<group>";
		};
		9D0C11F12983DA740093AA96 /* LaunchScreen.storyboard */ = {
			isa = PBXVariantGroup;
			children = (
				9D0C11F22983DA740093AA96 /* Base */,
			);
			name = LaunchScreen.storyboard;
			sourceTree = "<group>";
		};
/* End PBXVariantGroup section */

/* Begin XCBuildConfiguration section */
		9D0C120B2983DA740093AA96 /* Debug */ = {
			isa = XCBuildConfiguration;
			buildSettings = {
				ALWAYS_SEARCH_USER_PATHS = NO;
				CLANG_ANALYZER_NONNULL = YES;
				CLANG_ANALYZER_NUMBER_OBJECT_CONVERSION = YES_AGGRESSIVE;
				CLANG_CXX_LANGUAGE_STANDARD = "gnu++20";
				CLANG_ENABLE_MODULES = YES;
				CLANG_ENABLE_OBJC_ARC = YES;
				CLANG_ENABLE_OBJC_WEAK = YES;
				CLANG_WARN_BLOCK_CAPTURE_AUTORELEASING = YES;
				CLANG_WARN_BOOL_CONVERSION = YES;
				CLANG_WARN_COMMA = YES;
				CLANG_WARN_CONSTANT_CONVERSION = YES;
				CLANG_WARN_DEPRECATED_OBJC_IMPLEMENTATIONS = YES;
				CLANG_WARN_DIRECT_OBJC_ISA_USAGE = YES_ERROR;
				CLANG_WARN_DOCUMENTATION_COMMENTS = YES;
				CLANG_WARN_EMPTY_BODY = YES;
				CLANG_WARN_ENUM_CONVERSION = YES;
				CLANG_WARN_INFINITE_RECURSION = YES;
				CLANG_WARN_INT_CONVERSION = YES;
				CLANG_WARN_NON_LITERAL_NULL_CONVERSION = YES;
				CLANG_WARN_OBJC_IMPLICIT_RETAIN_SELF = YES;
				CLANG_WARN_OBJC_LITERAL_CONVERSION = YES;
				CLANG_WARN_OBJC_ROOT_CLASS = YES_ERROR;
				CLANG_WARN_QUOTED_INCLUDE_IN_FRAMEWORK_HEADER = YES;
				CLANG_WARN_RANGE_LOOP_ANALYSIS = YES;
				CLANG_WARN_STRICT_PROTOTYPES = YES;
				CLANG_WARN_SUSPICIOUS_MOVE = YES;
				CLANG_WARN_UNGUARDED_AVAILABILITY = YES_AGGRESSIVE;
				CLANG_WARN_UNREACHABLE_CODE = YES;
				CLANG_WARN__DUPLICATE_METHOD_MATCH = YES;
				COPY_PHASE_STRIP = NO;
				DEBUG_INFORMATION_FORMAT = dwarf;
				ENABLE_STRICT_OBJC_MSGSEND = YES;
				ENABLE_TESTABILITY = YES;
				GCC_C_LANGUAGE_STANDARD = gnu11;
				GCC_DYNAMIC_NO_PIC = NO;
				GCC_NO_COMMON_BLOCKS = YES;
				GCC_OPTIMIZATION_LEVEL = 0;
				GCC_PREPROCESSOR_DEFINITIONS = (
					"DEBUG=1",
					"$(inherited)",
				);
				GCC_WARN_64_TO_32_BIT_CONVERSION = YES;
				GCC_WARN_ABOUT_RETURN_TYPE = YES_ERROR;
				GCC_WARN_UNDECLARED_SELECTOR = YES;
				GCC_WARN_UNINITIALIZED_AUTOS = YES_AGGRESSIVE;
				GCC_WARN_UNUSED_FUNCTION = YES;
				GCC_WARN_UNUSED_VARIABLE = YES;
				IPHONEOS_DEPLOYMENT_TARGET = 16.2;
				MTL_ENABLE_DEBUG_INFO = INCLUDE_SOURCE;
				MTL_FAST_MATH = YES;
				ONLY_ACTIVE_ARCH = YES;
				SDKROOT = iphoneos;
				SWIFT_ACTIVE_COMPILATION_CONDITIONS = DEBUG;
				SWIFT_OPTIMIZATION_LEVEL = "-Onone";
			};
			name = Debug;
		};
		9D0C120C2983DA740093AA96 /* Release */ = {
			isa = XCBuildConfiguration;
			buildSettings = {
				ALWAYS_SEARCH_USER_PATHS = NO;
				CLANG_ANALYZER_NONNULL = YES;
				CLANG_ANALYZER_NUMBER_OBJECT_CONVERSION = YES_AGGRESSIVE;
				CLANG_CXX_LANGUAGE_STANDARD = "gnu++20";
				CLANG_ENABLE_MODULES = YES;
				CLANG_ENABLE_OBJC_ARC = YES;
				CLANG_ENABLE_OBJC_WEAK = YES;
				CLANG_WARN_BLOCK_CAPTURE_AUTORELEASING = YES;
				CLANG_WARN_BOOL_CONVERSION = YES;
				CLANG_WARN_COMMA = YES;
				CLANG_WARN_CONSTANT_CONVERSION = YES;
				CLANG_WARN_DEPRECATED_OBJC_IMPLEMENTATIONS = YES;
				CLANG_WARN_DIRECT_OBJC_ISA_USAGE = YES_ERROR;
				CLANG_WARN_DOCUMENTATION_COMMENTS = YES;
				CLANG_WARN_EMPTY_BODY = YES;
				CLANG_WARN_ENUM_CONVERSION = YES;
				CLANG_WARN_INFINITE_RECURSION = YES;
				CLANG_WARN_INT_CONVERSION = YES;
				CLANG_WARN_NON_LITERAL_NULL_CONVERSION = YES;
				CLANG_WARN_OBJC_IMPLICIT_RETAIN_SELF = YES;
				CLANG_WARN_OBJC_LITERAL_CONVERSION = YES;
				CLANG_WARN_OBJC_ROOT_CLASS = YES_ERROR;
				CLANG_WARN_QUOTED_INCLUDE_IN_FRAMEWORK_HEADER = YES;
				CLANG_WARN_RANGE_LOOP_ANALYSIS = YES;
				CLANG_WARN_STRICT_PROTOTYPES = YES;
				CLANG_WARN_SUSPICIOUS_MOVE = YES;
				CLANG_WARN_UNGUARDED_AVAILABILITY = YES_AGGRESSIVE;
				CLANG_WARN_UNREACHABLE_CODE = YES;
				CLANG_WARN__DUPLICATE_METHOD_MATCH = YES;
				COPY_PHASE_STRIP = NO;
				DEBUG_INFORMATION_FORMAT = "dwarf-with-dsym";
				ENABLE_NS_ASSERTIONS = NO;
				ENABLE_STRICT_OBJC_MSGSEND = YES;
				GCC_C_LANGUAGE_STANDARD = gnu11;
				GCC_NO_COMMON_BLOCKS = YES;
				GCC_WARN_64_TO_32_BIT_CONVERSION = YES;
				GCC_WARN_ABOUT_RETURN_TYPE = YES_ERROR;
				GCC_WARN_UNDECLARED_SELECTOR = YES;
				GCC_WARN_UNINITIALIZED_AUTOS = YES_AGGRESSIVE;
				GCC_WARN_UNUSED_FUNCTION = YES;
				GCC_WARN_UNUSED_VARIABLE = YES;
				IPHONEOS_DEPLOYMENT_TARGET = 16.2;
				MTL_ENABLE_DEBUG_INFO = NO;
				MTL_FAST_MATH = YES;
				SDKROOT = iphoneos;
				SWIFT_COMPILATION_MODE = wholemodule;
				SWIFT_OPTIMIZATION_LEVEL = "-O";
				VALIDATE_PRODUCT = YES;
			};
			name = Release;
		};
		9D0C120E2983DA740093AA96 /* Debug */ = {
			isa = XCBuildConfiguration;
			buildSettings = {
				ASSETCATALOG_COMPILER_APPICON_NAME = AppIcon;
				ASSETCATALOG_COMPILER_GLOBAL_ACCENT_COLOR_NAME = AccentColor;
				CODE_SIGN_STYLE = Automatic;
				CURRENT_PROJECT_VERSION = 1;
				DEVELOPMENT_TEAM = 2TW9FS35C5;
				GENERATE_INFOPLIST_FILE = YES;
				INFOPLIST_FILE = MVP/Info.plist;
				INFOPLIST_KEY_UIApplicationSupportsIndirectInputEvents = YES;
				INFOPLIST_KEY_UILaunchStoryboardName = LaunchScreen;
				INFOPLIST_KEY_UIMainStoryboardFile = Main;
				INFOPLIST_KEY_UISupportedInterfaceOrientations_iPad = "UIInterfaceOrientationPortrait UIInterfaceOrientationPortraitUpsideDown UIInterfaceOrientationLandscapeLeft UIInterfaceOrientationLandscapeRight";
				INFOPLIST_KEY_UISupportedInterfaceOrientations_iPhone = "UIInterfaceOrientationPortrait UIInterfaceOrientationLandscapeLeft UIInterfaceOrientationLandscapeRight";
				LD_RUNPATH_SEARCH_PATHS = (
					"$(inherited)",
					"@executable_path/Frameworks",
				);
				MARKETING_VERSION = 1.0;
				PRODUCT_BUNDLE_IDENTIFIER = "-.MVP";
				PRODUCT_NAME = "$(TARGET_NAME)";
				SWIFT_EMIT_LOC_STRINGS = YES;
				SWIFT_VERSION = 5.0;
				TARGETED_DEVICE_FAMILY = "1,2";
			};
			name = Debug;
		};
		9D0C120F2983DA740093AA96 /* Release */ = {
			isa = XCBuildConfiguration;
			buildSettings = {
				ASSETCATALOG_COMPILER_APPICON_NAME = AppIcon;
				ASSETCATALOG_COMPILER_GLOBAL_ACCENT_COLOR_NAME = AccentColor;
				CODE_SIGN_STYLE = Automatic;
				CURRENT_PROJECT_VERSION = 1;
				DEVELOPMENT_TEAM = 2TW9FS35C5;
				GENERATE_INFOPLIST_FILE = YES;
				INFOPLIST_FILE = MVP/Info.plist;
				INFOPLIST_KEY_UIApplicationSupportsIndirectInputEvents = YES;
				INFOPLIST_KEY_UILaunchStoryboardName = LaunchScreen;
				INFOPLIST_KEY_UIMainStoryboardFile = Main;
				INFOPLIST_KEY_UISupportedInterfaceOrientations_iPad = "UIInterfaceOrientationPortrait UIInterfaceOrientationPortraitUpsideDown UIInterfaceOrientationLandscapeLeft UIInterfaceOrientationLandscapeRight";
				INFOPLIST_KEY_UISupportedInterfaceOrientations_iPhone = "UIInterfaceOrientationPortrait UIInterfaceOrientationLandscapeLeft UIInterfaceOrientationLandscapeRight";
				LD_RUNPATH_SEARCH_PATHS = (
					"$(inherited)",
					"@executable_path/Frameworks",
				);
				MARKETING_VERSION = 1.0;
				PRODUCT_BUNDLE_IDENTIFIER = "-.MVP";
				PRODUCT_NAME = "$(TARGET_NAME)";
				SWIFT_EMIT_LOC_STRINGS = YES;
				SWIFT_VERSION = 5.0;
				TARGETED_DEVICE_FAMILY = "1,2";
			};
			name = Release;
		};
		9D0C12112983DA740093AA96 /* Debug */ = {
			isa = XCBuildConfiguration;
			buildSettings = {
				ALWAYS_EMBED_SWIFT_STANDARD_LIBRARIES = YES;
				BUNDLE_LOADER = "$(TEST_HOST)";
				CODE_SIGN_STYLE = Automatic;
				CURRENT_PROJECT_VERSION = 1;
				DEVELOPMENT_TEAM = 2TW9FS35C5;
				GENERATE_INFOPLIST_FILE = YES;
				IPHONEOS_DEPLOYMENT_TARGET = 16.2;
				MARKETING_VERSION = 1.0;
				PRODUCT_BUNDLE_IDENTIFIER = "-.MVPTests";
				PRODUCT_NAME = "$(TARGET_NAME)";
				SWIFT_EMIT_LOC_STRINGS = NO;
				SWIFT_VERSION = 5.0;
				TARGETED_DEVICE_FAMILY = "1,2";
				TEST_HOST = "$(BUILT_PRODUCTS_DIR)/MVP.app/$(BUNDLE_EXECUTABLE_FOLDER_PATH)/MVP";
			};
			name = Debug;
		};
		9D0C12122983DA740093AA96 /* Release */ = {
			isa = XCBuildConfiguration;
			buildSettings = {
				ALWAYS_EMBED_SWIFT_STANDARD_LIBRARIES = YES;
				BUNDLE_LOADER = "$(TEST_HOST)";
				CODE_SIGN_STYLE = Automatic;
				CURRENT_PROJECT_VERSION = 1;
				DEVELOPMENT_TEAM = 2TW9FS35C5;
				GENERATE_INFOPLIST_FILE = YES;
				IPHONEOS_DEPLOYMENT_TARGET = 16.2;
				MARKETING_VERSION = 1.0;
				PRODUCT_BUNDLE_IDENTIFIER = "-.MVPTests";
				PRODUCT_NAME = "$(TARGET_NAME)";
				SWIFT_EMIT_LOC_STRINGS = NO;
				SWIFT_VERSION = 5.0;
				TARGETED_DEVICE_FAMILY = "1,2";
				TEST_HOST = "$(BUILT_PRODUCTS_DIR)/MVP.app/$(BUNDLE_EXECUTABLE_FOLDER_PATH)/MVP";
			};
			name = Release;
		};
		9D0C12142983DA740093AA96 /* Debug */ = {
			isa = XCBuildConfiguration;
			buildSettings = {
				ALWAYS_EMBED_SWIFT_STANDARD_LIBRARIES = YES;
				CODE_SIGN_STYLE = Automatic;
				CURRENT_PROJECT_VERSION = 1;
				DEVELOPMENT_TEAM = 2TW9FS35C5;
				GENERATE_INFOPLIST_FILE = YES;
				MARKETING_VERSION = 1.0;
				PRODUCT_BUNDLE_IDENTIFIER = "-.MVPUITests";
				PRODUCT_NAME = "$(TARGET_NAME)";
				SWIFT_EMIT_LOC_STRINGS = NO;
				SWIFT_VERSION = 5.0;
				TARGETED_DEVICE_FAMILY = "1,2";
				TEST_TARGET_NAME = MVP;
			};
			name = Debug;
		};
		9D0C12152983DA740093AA96 /* Release */ = {
			isa = XCBuildConfiguration;
			buildSettings = {
				ALWAYS_EMBED_SWIFT_STANDARD_LIBRARIES = YES;
				CODE_SIGN_STYLE = Automatic;
				CURRENT_PROJECT_VERSION = 1;
				DEVELOPMENT_TEAM = 2TW9FS35C5;
				GENERATE_INFOPLIST_FILE = YES;
				MARKETING_VERSION = 1.0;
				PRODUCT_BUNDLE_IDENTIFIER = "-.MVPUITests";
				PRODUCT_NAME = "$(TARGET_NAME)";
				SWIFT_EMIT_LOC_STRINGS = NO;
				SWIFT_VERSION = 5.0;
				TARGETED_DEVICE_FAMILY = "1,2";
				TEST_TARGET_NAME = MVP;
			};
			name = Release;
		};
/* End XCBuildConfiguration section */

/* Begin XCConfigurationList section */
		9D0C11DE2983DA730093AA96 /* Build configuration list for PBXProject "MVP" */ = {
			isa = XCConfigurationList;
			buildConfigurations = (
				9D0C120B2983DA740093AA96 /* Debug */,
				9D0C120C2983DA740093AA96 /* Release */,
			);
			defaultConfigurationIsVisible = 0;
			defaultConfigurationName = Release;
		};
		9D0C120D2983DA740093AA96 /* Build configuration list for PBXNativeTarget "MVP" */ = {
			isa = XCConfigurationList;
			buildConfigurations = (
				9D0C120E2983DA740093AA96 /* Debug */,
				9D0C120F2983DA740093AA96 /* Release */,
			);
			defaultConfigurationIsVisible = 0;
			defaultConfigurationName = Release;
		};
		9D0C12102983DA740093AA96 /* Build configuration list for PBXNativeTarget "MVPTests" */ = {
			isa = XCConfigurationList;
			buildConfigurations = (
				9D0C12112983DA740093AA96 /* Debug */,
				9D0C12122983DA740093AA96 /* Release */,
			);
			defaultConfigurationIsVisible = 0;
			defaultConfigurationName = Release;
		};
		9D0C12132983DA740093AA96 /* Build configuration list for PBXNativeTarget "MVPUITests" */ = {
			isa = XCConfigurationList;
			buildConfigurations = (
				9D0C12142983DA740093AA96 /* Debug */,
				9D0C12152983DA740093AA96 /* Release */,
			);
			defaultConfigurationIsVisible = 0;
			defaultConfigurationName = Release;
		};
/* End XCConfigurationList section */
	};
	rootObject = 9D0C11DB2983DA730093AA96 /* Project object */;
}
